<?xml version="1.0" encoding="UTF-8" standalone="yes" ?>
<CodeBlocks_project_file>
	<FileVersion major="1" minor="6" />
	<Project>
		<Option title="Irrlicht" />
		<Option pch_mode="0" />
		<Option compiler="gcc" />
		<Build>
			<Target title="Win32 - Debug - static">
				<Option platforms="Windows;" />
				<Option output="../../lib/Win32-gcc/Irrlicht" prefix_auto="1" extension_auto="1" />
				<Option working_dir="" />
				<Option object_output="../obj/win32-gcc-debug-static" />
				<Option type="2" />
				<Option compiler="gcc" />
				<Option createDefFile="1" />
				<Compiler>
					<Add option="-W" />
					<Add option="-Wall" />
					<Add option="-g" />
					<Add option="-O0" />
					<Add option="-Wextra" />
					<Add option="-Wno-unused-parameter" />
					<Add option="-DWIN32" />
					<Add option="-D_DEBUG" />
					<Add option="-D_WINDOWS" />
					<Add option="-D_IRR_STATIC_LIB_" />
					<Add option="-D_CRT_SECURE_NO_DEPRECATE" />
					<Add option="-D__GNUWIN32__" />
					<Add directory="../../include" />
					<Add directory="zlib" />
				</Compiler>
				<Linker>
					<Add library="kernel32" />
					<Add library="user32" />
					<Add library="gdi32" />
					<Add library="winspool" />
					<Add library="comdlg32" />
					<Add library="advapi32" />
					<Add library="shell32" />
					<Add library="ole32" />
					<Add library="oleaut32" />
					<Add library="uuid" />
					<Add library="opengl32" />
					<Add library="winmm" />
				</Linker>
			</Target>
			<Target title="Win32 - Release - accurate math - static">
				<Option platforms="Windows;" />
				<Option output="../../lib/Win32-gcc/Irrlicht" prefix_auto="1" extension_auto="1" />
				<Option working_dir="" />
				<Option object_output="../obj/win32-gcc-release-dll" />
				<Option type="2" />
				<Option compiler="gcc" />
				<Option createDefFile="1" />
				<Compiler>
					<Add option="-Os" />
					<Add option="-O3" />
					<Add option="-O2" />
					<Add option="-Wall" />
					<Add option="-W" />
					<Add option="-Wno-unused-parameter" />
					<Add option="-DWIN32" />
					<Add option="-DNDEBUG" />
					<Add option="-D_WINDOWS" />
					<Add option="-D_IRR_STATIC_LIB_" />
					<Add option="-D_CRT_SECURE_NO_DEPRECATE" />
					<Add option="-D__GNUWIN32__" />
					<Add directory="../../include" />
					<Add directory="zlib" />
				</Compiler>
				<Linker>
					<Add option="-s" />
					<Add library="kernel32" />
					<Add library="user32" />
					<Add library="gdi32" />
					<Add library="winspool" />
					<Add library="comdlg32" />
					<Add library="advapi32" />
					<Add library="shell32" />
					<Add library="ole32" />
					<Add library="oleaut32" />
					<Add library="uuid" />
					<Add library="opengl32" />
					<Add library="winmm" />
				</Linker>
			</Target>
			<Target title="Win32 - Release - fast math - static">
				<Option platforms="Windows;" />
				<Option output="../../lib/Win32-gcc/Irrlicht" prefix_auto="1" extension_auto="1" />
				<Option working_dir="" />
				<Option object_output="../obj/win32-gcc-release-fast-static" />
				<Option type="2" />
				<Option compiler="gcc" />
				<Option createDefFile="1" />
				<Compiler>
					<Add option="-fexpensive-optimizations" />
					<Add option="-Os" />
					<Add option="-O3" />
					<Add option="-Wall" />
					<Add option="-W" />
					<Add option="-ffast-math" />
					<Add option="-Wno-unused-parameter" />
					<Add option="-DWIN32" />
					<Add option="-DNDEBUG" />
					<Add option="-D_WINDOWS" />
					<Add option="-D_IRR_STATIC_LIB_" />
					<Add option="-D_CRT_SECURE_NO_DEPRECATE" />
					<Add option="-D__GNUWIN32__" />
					<Add directory="../../include" />
					<Add directory="zlib" />
				</Compiler>
				<Linker>
					<Add option="-s" />
					<Add library="kernel32" />
					<Add library="user32" />
					<Add library="gdi32" />
					<Add library="winspool" />
					<Add library="comdlg32" />
					<Add library="advapi32" />
					<Add library="shell32" />
					<Add library="ole32" />
					<Add library="oleaut32" />
					<Add library="uuid" />
					<Add library="opengl32" />
					<Add library="winmm" />
				</Linker>
			</Target>
			<Target title="Linux - Debug - static">
				<Option platforms="Unix;" />
				<Option output="../../lib/Linux/libIrrlicht" prefix_auto="0" extension_auto="1" />
				<Option working_dir="" />
				<Option object_output="../obj/linux-gcc-debug-shared" />
				<Option type="2" />
				<Option compiler="gcc" />
				<Option createDefFile="1" />
				<Compiler>
					<Add option="-Wextra" />
					<Add option="-Wall" />
					<Add option="-std=c++11" />
					<Add option="-g" />
					<Add option="-fno-omit-frame-pointer" />
					<Add option="-fno-exceptions" />
					<Add option="-fuse-ld=gold" />
					<Add option="-msse3" />
					<Add option="-ggdb3" />
					<Add option="-fstack-protector-strong" />
					<Add option="-D_IRR_STATIC_LIB_" />
					<Add option="-D_DEBUG" />
					<Add directory="../../include" />
					<Add directory="zlib" />
					<Add directory="libpng" />
					<Add directory="../Irrlicht" />
					<Add directory="convert_utf" />
					<Add directory="utf8/source/utf8" />
					<Add directory="utf8/source" />
					<Add directory="../../../openssl/include" />
				</Compiler>
				<Linker>
					<Add option="-fuse-ld=gold" />
					<Add option="-fstack-protector-strong" />
					<Add library="GL" />
					<Add library="Xxf86vm" />
					<Add library="unwind-x86_64" />
					<Add library="unwind" />
					<Add directory="/usr/X11R6/lib" />
					<Add directory="/usr/local/lib" />
				</Linker>
			</Target>
			<Target title="Linux - Release - accurate math - static">
				<Option platforms="Unix;" />
				<Option output="../../lib/Linux/libIrrlicht" prefix_auto="0" extension_auto="1" />
				<Option working_dir="" />
				<Option object_output="../obj/linux-gcc-release-shared" />
				<Option type="2" />
				<Option compiler="gcc" />
				<Option createDefFile="1" />
				<Compiler>
					<Add option="-O3" />
					<Add option="-Wextra" />
					<Add option="-std=c++11" />
					<Add option="-W" />
					<Add option="-fno-exceptions" />
					<Add option="-fuse-ld=gold" />
					<Add option="-D_IRR_STATIC_LIB_" />
					<Add directory="../../include" />
					<Add directory="zlib" />
					<Add directory="libpng" />
					<Add directory="../../../openssl/include" />
				</Compiler>
				<Linker>
					<Add option="-fuse-ld=gold" />
					<Add library="GL" />
					<Add library="Xxf86vm" />
					<Add directory="/usr/X11R6/lib" />
					<Add directory="/usr/local/lib" />
				</Linker>
			</Target>
			<Target title="Linux - Release - fast math - static">
				<Option platforms="Unix;" />
				<Option output="../../lib/Linux/libIrrlicht" prefix_auto="0" extension_auto="1" />
				<Option working_dir="" />
				<Option object_output="../obj/linux-gcc-release-fast-shared" />
				<Option type="2" />
				<Option compiler="gcc" />
				<Option createDefFile="1" />
				<Compiler>
					<Add option="-fexpensive-optimizations" />
					<Add option="-O3" />
					<Add option="-Wextra" />
					<Add option="-std=c++11" />
					<Add option="-W" />
					<Add option="-ffast-math" />
					<Add option="-fno-exceptions" />
					<Add option="-mfpmath=sse" />
					<Add option="-msse3" />
					<Add option="-DIRRLICHT_FAST_MATH" />
					<Add option="-D_IRR_STATIC_LIB_" />
					<Add directory="../../include" />
					<Add directory="zlib" />
					<Add directory="libpng" />
					<Add directory="../Irrlicht" />
					<Add directory="convert_utf" />
					<Add directory="utf8/source/utf8" />
					<Add directory="utf8/source" />
					<Add directory="../../../openssl/include" />
				</Compiler>
				<Linker>
					<Add option="-msse3" />
					<Add option="-mfpmath=sse" />
					<Add option="-fuse-ld=gold" />
					<Add directory="/usr/X11R6/lib" />
					<Add directory="/usr/local/lib" />
				</Linker>
			</Target>
		</Build>
		<Compiler>
			<Add option="-Wno-sequence-point" />
			<Add option="-Wno-error=ignored-attributes" />
			<Add option="-Wno-error=unused-function" />
			<Add option="-Wno-error=unused-variable" />
			<Add option="-Wno-unused-parameter" />
			<Add option="-D_7ZIP_ST" />
		</Compiler>
		<Unit filename="../../include/CBAWFile.h" />
		<Unit filename="../../include/CBlobsLoadingManager.h" />
		<Unit filename="../../include/CConcurrentObjectCache.h" />
		<Unit filename="../../include/CFinalBoneHierarchy.h" />
		<Unit filename="../../include/CForsythVertexCacheOptimizer.h" />
		<Unit filename="../../include/CGLSLFunctionGenerator.h" />
		<Unit filename="../../include/CImageData.h" />
		<Unit filename="../../include/CObjectCache.h" />
		<Unit filename="../../include/COpenGLStateManager.h" />
		<Unit filename="../../include/COpenGLStateManagerImpl.h" />
		<Unit filename="../../include/ECullingTypes.h" />
		<Unit filename="../../include/EDebugSceneTypes.h" />
		<Unit filename="../../include/EDeviceTypes.h" />
		<Unit filename="../../include/EDriverTypes.h" />
		<Unit filename="../../include/EMaterialFlags.h" />
		<Unit filename="../../include/EMaterialTypes.h" />
		<Unit filename="../../include/EMeshWriterEnums.h" />
		<Unit filename="../../include/ESceneNodeAnimatorTypes.h" />
		<Unit filename="../../include/ESceneNodeTypes.h" />
		<Unit filename="../../include/IAnimatedMesh.h" />
		<Unit filename="../../include/IAnimatedMeshSceneNode.h" />
		<Unit filename="../../include/IAssetManager.h" />
		<Unit filename="../../include/IBillboardSceneNode.h" />
		<Unit filename="../../include/ICameraSceneNode.h" />
		<Unit filename="../../include/ICommandBuffer.h" />
		<Unit filename="../../include/ICursorControl.h" />
		<Unit filename="../../include/IDescriptorSet.h" />
		<Unit filename="../../include/IDescriptorSetLayout.h" />
		<Unit filename="../../include/IDriver.h" />
		<Unit filename="../../include/IDriverFence.h" />
		<Unit filename="../../include/IDriverMemoryAllocation.h" />
		<Unit filename="../../include/IDriverMemoryBacked.h" />
		<Unit filename="../../include/IDummyTransformationSceneNode.h" />
		<Unit filename="../../include/IEventReceiver.h" />
		<Unit filename="../../include/IFileArchive.h" />
		<Unit filename="../../include/IFileList.h" />
		<Unit filename="../../include/IFileSystem.h" />
		<Unit filename="../../include/IFrameBuffer.h" />
		<Unit filename="../../include/IGPUBuffer.h" />
		<Unit filename="../../include/IGPUProgrammingServices.h" />
		<Unit filename="../../include/IGPUTimestampQuery.h" />
		<Unit filename="../../include/IGeometryCreator.h" />
		<Unit filename="../../include/IGraphicsPipeline.h" />
		<Unit filename="../../include/IImage.h" />
		<Unit filename="../../include/IImageLoader.h" />
		<Unit filename="../../include/IImageWriter.h" />
		<Unit filename="../../include/ILogger.h" />
		<Unit filename="../../include/IMaterialRenderer.h" />
		<Unit filename="../../include/IMaterialRendererServices.h" />
		<Unit filename="../../include/IMesh.h" />
		<Unit filename="../../include/IMeshBuffer.h" />
		<Unit filename="../../include/IMeshCache.h" />
		<Unit filename="../../include/IMeshLoader.h" />
		<Unit filename="../../include/IMeshManipulator.h" />
		<Unit filename="../../include/IMeshSceneNode.h" />
		<Unit filename="../../include/IMeshSceneNodeInstanced.h" />
		<Unit filename="../../include/IMeshWriter.h" />
		<Unit filename="../../include/IMultisampleTexture.h" />
		<Unit filename="../../include/IOSOperator.h" />
		<Unit filename="../../include/IQueryObject.h" />
		<Unit filename="../../include/IReadFile.h" />
		<Unit filename="../../include/ISceneManager.h" />
		<Unit filename="../../include/ISceneNode.h" />
		<Unit filename="../../include/ISceneNodeAnimator.h" />
		<Unit filename="../../include/ISceneNodeAnimatorCameraFPS.h" />
		<Unit filename="../../include/ISceneNodeAnimatorCameraMaya.h" />
		<Unit filename="../../include/IShader.h" />
		<Unit filename="../../include/IShaderConstantSetCallBack.h" />
		<Unit filename="../../include/ISkinnedMesh.h" />
		<Unit filename="../../include/ISkinnedMeshSceneNode.h" />
		<Unit filename="../../include/ISkinningStateManager.h" />
		<Unit filename="../../include/IStorageImage.h" />
		<Unit filename="../../include/ITexture.h" />
		<Unit filename="../../include/ITextureBufferObject.h" />
		<Unit filename="../../include/ITimer.h" />
		<Unit filename="../../include/ITransformFeedback.h" />
		<Unit filename="../../include/IVideoCapabilityReporter.h" />
		<Unit filename="../../include/IVideoDriver.h" />
		<Unit filename="../../include/IVideoModeList.h" />
		<Unit filename="../../include/IVirtualTexture.h" />
		<Unit filename="../../include/IVulkanPrebaked.h" />
		<Unit filename="../../include/IWriteFile.h" />
		<Unit filename="../../include/IrrCompileConfig.h" />
		<Unit filename="../../include/IrrlichtDevice.h" />
		<Unit filename="../../include/Keycodes.h" />
		<Unit filename="../../include/SAABoxCollider.h" />
		<Unit filename="../../include/SCollisionEngine.h" />
		<Unit filename="../../include/SColor.h" />
		<Unit filename="../../include/SCompoundCollider.h" />
		<Unit filename="../../include/SEllipsoidCollider.h" />
		<Unit filename="../../include/SExposedVideoData.h" />
		<Unit filename="../../include/SIMDswizzle.h" />
		<Unit filename="../../include/SIrrCreationParameters.h" />
		<Unit filename="../../include/SKeyMap.h" />
		<Unit filename="../../include/SMaterial.h" />
		<Unit filename="../../include/SMaterialLayer.h" />
		<Unit filename="../../include/SMesh.h" />
		<Unit filename="../../include/SSkinMeshBuffer.h" />
		<Unit filename="../../include/STextureSamplingParams.h" />
		<Unit filename="../../include/STriangleMeshCollider.h" />
		<Unit filename="../../include/SVertexManipulator.h" />
		<Unit filename="../../include/SViewFrustum.h" />
		<Unit filename="../../include/SceneParameters.h" />
		<Unit filename="../../include/aabbox3d.h" />
		<Unit filename="../../include/coreutil.h" />
		<Unit filename="../../include/dimension2d.h" />
		<Unit filename="../../include/driverChoice.h" />
		<Unit filename="../../include/irr/core/BaseClasses.h" />
		<Unit filename="../../include/irr/core/EventDeferredHandler.h" />
		<Unit filename="../../include/irr/core/IBuffer.h" />
		<Unit filename="../../include/irr/core/ICPUBuffer.h" />
		<Unit filename="../../include/irr/core/IReferenceCounted.h" />
		<Unit filename="../../include/irr/core/IThreadBound.h" />
		<Unit filename="../../include/irr/core/Types.h" />
		<Unit filename="../../include/irr/core/alloc/AddressAllocatorAdaptor.h" />
		<Unit filename="../../include/irr/core/alloc/AddressAllocatorBase.h" />
		<Unit filename="../../include/irr/core/alloc/AddressAllocatorConcurrencyAdaptors.h" />
		<Unit filename="../../include/irr/core/alloc/AlignedBase.h" />
		<Unit filename="../../include/irr/core/alloc/AllocatorTrivialBases.h" />
		<Unit filename="../../include/irr/core/alloc/ContiguousPoolAddressAllocator.h" />
		<Unit filename="../../include/irr/core/alloc/GeneralpurposeAddressAllocator.h" />
		<Unit filename="../../include/irr/core/alloc/HeterogenousMemoryAddressAllocatorAdaptor.h" />
		<Unit filename="../../include/irr/core/alloc/IAddressAllocator.h" />
		<Unit filename="../../include/irr/core/alloc/IAllocator.h" />
		<Unit filename="../../include/irr/core/alloc/LinearAddressAllocator.h" />
		<Unit filename="../../include/irr/core/alloc/MultiBufferingAllocatorBase.h" />
		<Unit filename="../../include/irr/core/alloc/PoolAddressAllocator.h" />
		<Unit filename="../../include/irr/core/alloc/ResizableHeterogenousMemoryAllocator.h" />
		<Unit filename="../../include/irr/core/alloc/StackAddressAllocator.h" />
		<Unit filename="../../include/irr/core/alloc/address_allocator_traits.h" />
		<Unit filename="../../include/irr/core/alloc/aligned_allocator.h" />
		<Unit filename="../../include/irr/core/alloc/aligned_allocator_adaptor.h" />
		<Unit filename="../../include/irr/core/irrString.h" />
		<Unit filename="../../include/irr/core/math/irrMath.h" />
		<Unit filename="../../include/irr/core/memory/memory.h" />
		<Unit filename="../../include/irr/core/memory/new_delete.h" />
		<Unit filename="../../include/irr/macros.h" />
		<Unit filename="../../include/irr/video/GPUMemoryAllocatorBase.h" />
		<Unit filename="../../include/irr/video/ResizableBufferingAllocator.h" />
		<Unit filename="../../include/irr/video/SimpleGPUBufferAllocator.h" />
		<Unit filename="../../include/irr/video/StreamingTransientDataBuffer.h" />
		<Unit filename="../../include/irrlicht.h" />
		<Unit filename="../../include/line2d.h" />
		<Unit filename="../../include/line3d.h" />
		<Unit filename="../../include/matrix3x4SIMD.h" />
		<Unit filename="../../include/matrix4.h" />
		<Unit filename="../../include/matrix4SIMD.h" />
		<Unit filename="../../include/matrix4x3.h" />
		<Unit filename="../../include/matrixutil.h" />
		<Unit filename="../../include/path.h" />
		<Unit filename="../../include/plane3d.h" />
		<Unit filename="../../include/position2d.h" />
		<Unit filename="../../include/quaternion.h" />
		<Unit filename="../../include/rect.h" />
		<Unit filename="../../include/splines.h" />
		<Unit filename="../../include/triangle3d.h" />
		<Unit filename="../../include/vector2d.h" />
		<Unit filename="../../include/vector3d.h" />
		<Unit filename="../../include/vectorSIMD.h" />
		<Unit filename="C3DSMeshFileLoader.cpp" />
		<Unit filename="C3DSMeshFileLoader.h" />
		<Unit filename="CAnimatedMeshSceneNode.cpp" />
		<Unit filename="CAnimatedMeshSceneNode.h" />
		<Unit filename="CB3DMeshFileLoader.cpp" />
		<Unit filename="CB3DMeshFileLoader.h" />
		<Unit filename="CBAWFile.cpp" />
		<Unit filename="CBAWMeshFileLoader.cpp" />
		<Unit filename="CBAWMeshFileLoader.h" />
		<Unit filename="CBAWMeshWriter.cpp" />
		<Unit filename="CBAWMeshWriter.h" />
		<Unit filename="CBillboardSceneNode.cpp" />
		<Unit filename="CBillboardSceneNode.h" />
		<Unit filename="CBlit.h" />
		<Unit filename="CBlobsLoadingManager.cpp" />
		<Unit filename="CBurningShader_Raster_Reference.cpp" />
		<Unit filename="CCameraSceneNode.cpp" />
		<Unit filename="CCameraSceneNode.h" />
		<Unit filename="CColorConverter.cpp" />
		<Unit filename="CColorConverter.h" />
		<Unit filename="CCubeSceneNode.cpp" />
		<Unit filename="CCubeSceneNode.h" />
		<Unit filename="CDepthBuffer.cpp" />
		<Unit filename="CDepthBuffer.h" />
		<Unit filename="CFPSCounter.cpp" />
		<Unit filename="CFPSCounter.h" />
		<Unit filename="CFileList.cpp" />
		<Unit filename="CFileList.h" />
		<Unit filename="CFileSystem.cpp" />
		<Unit filename="CFileSystem.h" />
		<Unit filename="CForsythVertexCacheOptimizer.cpp" />
		<Unit filename="CGLSLFunctionGenerator.cpp" />
		<Unit filename="CGeometryCreator.cpp" />
		<Unit filename="CGeometryCreator.h" />
		<Unit filename="CImage.cpp" />
		<Unit filename="CImage.h" />
		<Unit filename="CImageLoaderBMP.cpp" />
		<Unit filename="CImageLoaderBMP.h" />
		<Unit filename="CImageLoaderDDS.cpp" />
		<Unit filename="CImageLoaderDDS.h" />
		<Unit filename="CImageLoaderJPG.cpp" />
		<Unit filename="CImageLoaderJPG.h" />
		<Unit filename="CImageLoaderPNG.cpp" />
		<Unit filename="CImageLoaderPNG.h" />
		<Unit filename="CImageLoaderRGB.cpp" />
		<Unit filename="CImageLoaderRGB.h" />
		<Unit filename="CImageLoaderTGA.cpp" />
		<Unit filename="CImageLoaderTGA.h" />
		<Unit filename="CImageWriterBMP.cpp" />
		<Unit filename="CImageWriterBMP.h" />
		<Unit filename="CImageWriterJPG.cpp" />
		<Unit filename="CImageWriterJPG.h" />
		<Unit filename="CImageWriterPNG.cpp" />
		<Unit filename="CImageWriterPNG.h" />
		<Unit filename="CImageWriterTGA.cpp" />
		<Unit filename="CImageWriterTGA.h" />
		<Unit filename="CIrrDeviceConsole.cpp" />
		<Unit filename="CIrrDeviceConsole.h" />
		<Unit filename="CIrrDeviceLinux.cpp" />
		<Unit filename="CIrrDeviceLinux.h" />
		<Unit filename="CIrrDeviceSDL.cpp" />
		<Unit filename="CIrrDeviceSDL.h" />
		<Unit filename="CIrrDeviceStub.cpp" />
		<Unit filename="CIrrDeviceStub.h" />
		<Unit filename="CIrrDeviceWin32.cpp" />
		<Unit filename="CIrrDeviceWin32.h" />
		<Unit filename="CLMTSMeshFileLoader.cpp" />
		<Unit filename="CLMTSMeshFileLoader.h" />
		<Unit filename="CLWOMeshFileLoader.cpp" />
		<Unit filename="CLWOMeshFileLoader.h" />
		<Unit filename="CLimitReadFile.cpp" />
		<Unit filename="CLimitReadFile.h" />
		<Unit filename="CLogger.cpp" />
		<Unit filename="CLogger.h" />
		<Unit filename="CMS3DMeshFileLoader.cpp" />
		<Unit filename="CMS3DMeshFileLoader.h" />
		<Unit filename="CMY3DHelper.h" />
		<Unit filename="CMY3DMeshFileLoader.cpp" />
		<Unit filename="CMY3DMeshFileLoader.h" />
		<Unit filename="CMemoryFile.cpp" />
		<Unit filename="CMemoryFile.h" />
		<Unit filename="CMeshCache.cpp" />
		<Unit filename="CMeshCache.h" />
		<Unit filename="CMeshManipulator.cpp" />
		<Unit filename="CMeshManipulator.h" />
		<Unit filename="CMeshSceneNode.cpp" />
		<Unit filename="CMeshSceneNode.h" />
		<Unit filename="CMeshSceneNodeInstanced.cpp" />
		<Unit filename="CMeshSceneNodeInstanced.h" />
		<Unit filename="CMountPointReader.cpp" />
		<Unit filename="CMountPointReader.h" />
		<Unit filename="CNPKReader.cpp" />
		<Unit filename="CNPKReader.h" />
		<Unit filename="CNullDriver.cpp" />
		<Unit filename="CNullDriver.h" />
		<Unit filename="COBJMeshFileLoader.cpp" />
		<Unit filename="COBJMeshFileLoader.h" />
		<Unit filename="COBJMeshWriter.cpp" />
		<Unit filename="COBJMeshWriter.h" />
		<Unit filename="COCTLoader.cpp" />
		<Unit filename="COCTLoader.h" />
		<Unit filename="COSOperator.cpp" />
		<Unit filename="COSOperator.h" />
		<Unit filename="COgreMeshFileLoader.cpp" />
		<Unit filename="COgreMeshFileLoader.h" />
		<Unit filename="COpenCLHandler.cpp" />
		<Unit filename="COpenCLHandler.h" />
		<Unit filename="COpenGL1DTexture.cpp" />
		<Unit filename="COpenGL1DTexture.h" />
		<Unit filename="COpenGL1DTextureArray.cpp" />
		<Unit filename="COpenGL1DTextureArray.h" />
		<Unit filename="COpenGL2DTexture.cpp" />
		<Unit filename="COpenGL2DTexture.h" />
		<Unit filename="COpenGL2DTextureArray.cpp" />
		<Unit filename="COpenGL2DTextureArray.h" />
		<Unit filename="COpenGL3DTexture.cpp" />
		<Unit filename="COpenGL3DTexture.h" />
		<Unit filename="COpenGLBuffer.h" />
		<Unit filename="COpenGLCubemapArrayTexture.cpp" />
		<Unit filename="COpenGLCubemapArrayTexture.h" />
		<Unit filename="COpenGLCubemapTexture.cpp" />
		<Unit filename="COpenGLCubemapTexture.h" />
		<Unit filename="COpenGLDriver.cpp" />
		<Unit filename="COpenGLDriver.h" />
		<Unit filename="COpenGLDriverFence.h" />
		<Unit filename="COpenGLExtensionHandler.cpp" />
		<Unit filename="COpenGLExtensionHandler.h" />
		<Unit filename="COpenGLFrameBuffer.cpp" />
		<Unit filename="COpenGLFrameBuffer.h" />
		<Unit filename="COpenGLMultisampleTexture.cpp" />
		<Unit filename="COpenGLMultisampleTexture.h" />
		<Unit filename="COpenGLMultisampleTextureArray.cpp" />
		<Unit filename="COpenGLMultisampleTextureArray.h" />
		<Unit filename="COpenGLQuery.cpp" />
		<Unit filename="COpenGLQuery.h" />
		<Unit filename="COpenGLSLMaterialRenderer.cpp" />
		<Unit filename="COpenGLSLMaterialRenderer.h" />
		<Unit filename="COpenGLTexture.cpp" />
		<Unit filename="COpenGLTexture.h" />
		<Unit filename="COpenGLTextureBufferObject.h" />
		<Unit filename="COpenGLTimestampQuery.h" />
		<Unit filename="COpenGLTransformFeedback.cpp" />
		<Unit filename="COpenGLTransformFeedback.h" />
		<Unit filename="COpenGLVAOSpec.cpp" />
		<Unit filename="COpenGLVAOSpec.h" />
		<Unit filename="COverdrawMeshOptimizer.cpp" />
		<Unit filename="COverdrawMeshOptimizer.h" />
		<Unit filename="CPLYMeshFileLoader.cpp" />
		<Unit filename="CPLYMeshFileLoader.h" />
		<Unit filename="CPLYMeshWriter.cpp" />
		<Unit filename="CPLYMeshWriter.h" />
		<Unit filename="CPakReader.cpp" />
		<Unit filename="CPakReader.h" />
		<Unit filename="CReadFile.cpp" />
		<Unit filename="CReadFile.h" />
		<Unit filename="CSTLMeshFileLoader.cpp" />
		<Unit filename="CSTLMeshFileLoader.h" />
		<Unit filename="CSTLMeshWriter.cpp" />
		<Unit filename="CSTLMeshWriter.h" />
		<Unit filename="CSceneManager.cpp" />
		<Unit filename="CSceneManager.h" />
		<Unit filename="CSceneNodeAnimatorCameraFPS.cpp" />
		<Unit filename="CSceneNodeAnimatorCameraFPS.h" />
		<Unit filename="CSceneNodeAnimatorCameraMaya.cpp" />
		<Unit filename="CSceneNodeAnimatorCameraMaya.h" />
		<Unit filename="CSceneNodeAnimatorDelete.cpp" />
		<Unit filename="CSceneNodeAnimatorDelete.h" />
		<Unit filename="CSceneNodeAnimatorFlyCircle.cpp" />
		<Unit filename="CSceneNodeAnimatorFlyCircle.h" />
		<Unit filename="CSceneNodeAnimatorFlyStraight.cpp" />
		<Unit filename="CSceneNodeAnimatorFlyStraight.h" />
		<Unit filename="CSceneNodeAnimatorFollowSpline.cpp" />
		<Unit filename="CSceneNodeAnimatorFollowSpline.h" />
		<Unit filename="CSceneNodeAnimatorRotation.cpp" />
		<Unit filename="CSceneNodeAnimatorRotation.h" />
		<Unit filename="CSceneNodeAnimatorTexture.cpp" />
		<Unit filename="CSceneNodeAnimatorTexture.h" />
		<Unit filename="CSkinnedMesh.cpp" />
		<Unit filename="CSkinnedMesh.h" />
		<Unit filename="CSkinnedMeshSceneNode.cpp" />
		<Unit filename="CSkinnedMeshSceneNode.h" />
		<Unit filename="CSkinningStateManager.h" />
		<Unit filename="CSkyBoxSceneNode.cpp" />
		<Unit filename="CSkyBoxSceneNode.h" />
		<Unit filename="CSkyDomeSceneNode.cpp" />
		<Unit filename="CSkyDomeSceneNode.h" />
		<Unit filename="CSoftware2MaterialRenderer.h" />
		<Unit filename="CSoftwareDriver2.cpp" />
		<Unit filename="CSoftwareDriver2.h" />
		<Unit filename="CSoftwareTexture2.cpp" />
		<Unit filename="CSoftwareTexture2.h" />
		<Unit filename="CSphereSceneNode.cpp" />
		<Unit filename="CSphereSceneNode.h" />
		<Unit filename="CTRGouraud2.cpp" />
		<Unit filename="CTRTextureGouraud2.cpp" />
		<Unit filename="CTRTextureGouraudAdd2.cpp" />
		<Unit filename="CTRTextureGouraudAddNoZ2.cpp" />
		<Unit filename="CTRTextureGouraudAlpha.cpp" />
		<Unit filename="CTRTextureGouraudAlphaNoZ.cpp" />
		<Unit filename="CTRTextureGouraudNoZ2.cpp" />
		<Unit filename="CTRTextureGouraudVertexAlpha2.cpp" />
		<Unit filename="CTarReader.cpp" />
		<Unit filename="CTarReader.h" />
		<Unit filename="CTimer.h" />
		<Unit filename="CVideoModeList.cpp" />
		<Unit filename="CVideoModeList.h" />
		<Unit filename="CWADReader.cpp" />
		<Unit filename="CWADReader.h" />
		<Unit filename="CWriteFile.cpp" />
		<Unit filename="CWriteFile.h" />
		<Unit filename="CXMeshFileLoader.cpp" />
		<Unit filename="CXMeshFileLoader.h" />
		<Unit filename="CZipReader.cpp" />
		<Unit filename="CZipReader.h" />
		<Unit filename="FW_Mutex.cpp" />
		<Unit filename="FW_Mutex.h" />
		<Unit filename="IBurningShader.cpp" />
		<Unit filename="IBurningShader.h" />
		<Unit filename="IDepthBuffer.h" />
		<Unit filename="IImagePresenter.h" />
		<Unit filename="IReferenceCounted.cpp" />
		<Unit filename="ISceneNodeAnimatorFinishing.h" />
		<Unit filename="IZBuffer.h" />
		<Unit filename="Irrlicht.cpp" />
		<Unit filename="MacOSX/CIrrDeviceMacOSX.h" />
		<Unit filename="S2DVertex.h" />
		<Unit filename="S4DVertex.h" />
		<Unit filename="STextureSamplingParams.cpp" />
		<Unit filename="SoftwareDriver2_compile_config.h" />
		<Unit filename="SoftwareDriver2_helper.h" />
		<Unit filename="TypedBlob.cpp" />
		<Unit filename="aesGladman/aes.h" />
		<Unit filename="aesGladman/aes_ni.c">
			<Option compilerVar="CC" />
		</Unit>
		<Unit filename="aesGladman/aes_ni.h" />
		<Unit filename="aesGladman/aescrypt.c">
			<Option compilerVar="CC" />
		</Unit>
		<Unit filename="aesGladman/aeskey.c">
			<Option compilerVar="CC" />
		</Unit>
		<Unit filename="aesGladman/aesopt.h" />
		<Unit filename="aesGladman/aestab.c">
			<Option compilerVar="CC" />
		</Unit>
		<Unit filename="aesGladman/aestab.h" />
		<Unit filename="aesGladman/brg_endian.h" />
		<Unit filename="aesGladman/brg_types.h" />
		<Unit filename="aesGladman/fileenc.c">
			<Option compilerVar="CC" />
		</Unit>
		<Unit filename="aesGladman/fileenc.h" />
		<Unit filename="aesGladman/hmac.c">
			<Option compilerVar="CC" />
		</Unit>
		<Unit filename="aesGladman/hmac.h" />
		<Unit filename="aesGladman/prng.c">
			<Option compilerVar="CC" />
		</Unit>
		<Unit filename="aesGladman/prng.h" />
		<Unit filename="aesGladman/pwd2key.c">
			<Option compilerVar="CC" />
		</Unit>
		<Unit filename="aesGladman/pwd2key.h" />
		<Unit filename="aesGladman/sha1.c">
			<Option compilerVar="CC" />
		</Unit>
		<Unit filename="aesGladman/sha1.h" />
		<Unit filename="aesGladman/sha2.h" />
		<Unit filename="bzip2/blocksort.c">
			<Option compilerVar="CC" />
		</Unit>
		<Unit filename="bzip2/bzlib.c">
			<Option compilerVar="CC" />
		</Unit>
		<Unit filename="bzip2/bzlib.h" />
		<Unit filename="bzip2/bzlib_private.h" />
		<Unit filename="bzip2/compress.c">
			<Option compilerVar="CC" />
		</Unit>
		<Unit filename="bzip2/crctable.c">
			<Option compilerVar="CC" />
		</Unit>
		<Unit filename="bzip2/decompress.c">
			<Option compilerVar="CC" />
		</Unit>
		<Unit filename="bzip2/huffman.c">
			<Option compilerVar="CC" />
		</Unit>
		<Unit filename="bzip2/randtable.c">
			<Option compilerVar="CC" />
		</Unit>
		<Unit filename="convert_utf/ConvertUTF.c">
			<Option compilerVar="CC" />
		</Unit>
		<Unit filename="coreutil.cpp" />
		<Unit filename="glext.h" />
		<Unit filename="jpeglib/cderror.h" />
		<Unit filename="jpeglib/jaricom.c">
			<Option compilerVar="CC" />
		</Unit>
		<Unit filename="jpeglib/jcapimin.c">
			<Option compilerVar="CC" />
		</Unit>
		<Unit filename="jpeglib/jcapistd.c">
			<Option compilerVar="CC" />
		</Unit>
		<Unit filename="jpeglib/jcarith.c">
			<Option compilerVar="CC" />
		</Unit>
		<Unit filename="jpeglib/jccoefct.c">
			<Option compilerVar="CC" />
		</Unit>
		<Unit filename="jpeglib/jccolor.c">
			<Option compilerVar="CC" />
		</Unit>
		<Unit filename="jpeglib/jcdctmgr.c">
			<Option compilerVar="CC" />
		</Unit>
		<Unit filename="jpeglib/jchuff.c">
			<Option compilerVar="CC" />
		</Unit>
		<Unit filename="jpeglib/jchuff.h" />
		<Unit filename="jpeglib/jcinit.c">
			<Option compilerVar="CC" />
		</Unit>
		<Unit filename="jpeglib/jcmainct.c">
			<Option compilerVar="CC" />
		</Unit>
		<Unit filename="jpeglib/jcmarker.c">
			<Option compilerVar="CC" />
		</Unit>
		<Unit filename="jpeglib/jcmaster.c">
			<Option compilerVar="CC" />
		</Unit>
		<Unit filename="jpeglib/jcomapi.c">
			<Option compilerVar="CC" />
		</Unit>
		<Unit filename="jpeglib/jconfig.h" />
		<Unit filename="jpeglib/jcparam.c">
			<Option compilerVar="CC" />
		</Unit>
		<Unit filename="jpeglib/jcprepct.c">
			<Option compilerVar="CC" />
		</Unit>
		<Unit filename="jpeglib/jcsample.c">
			<Option compilerVar="CC" />
		</Unit>
		<Unit filename="jpeglib/jctrans.c">
			<Option compilerVar="CC" />
		</Unit>
		<Unit filename="jpeglib/jdapimin.c">
			<Option compilerVar="CC" />
		</Unit>
		<Unit filename="jpeglib/jdapistd.c">
			<Option compilerVar="CC" />
		</Unit>
		<Unit filename="jpeglib/jdarith.c">
			<Option compilerVar="CC" />
		</Unit>
		<Unit filename="jpeglib/jdatadst.c">
			<Option compilerVar="CC" />
		</Unit>
		<Unit filename="jpeglib/jdatasrc.c">
			<Option compilerVar="CC" />
		</Unit>
		<Unit filename="jpeglib/jdcoefct.c">
			<Option compilerVar="CC" />
		</Unit>
		<Unit filename="jpeglib/jdcolor.c">
			<Option compilerVar="CC" />
		</Unit>
		<Unit filename="jpeglib/jdct.h" />
		<Unit filename="jpeglib/jddctmgr.c">
			<Option compilerVar="CC" />
		</Unit>
		<Unit filename="jpeglib/jdhuff.c">
			<Option compilerVar="CC" />
		</Unit>
		<Unit filename="jpeglib/jdhuff.h" />
		<Unit filename="jpeglib/jdinput.c">
			<Option compilerVar="CC" />
		</Unit>
		<Unit filename="jpeglib/jdmainct.c">
			<Option compilerVar="CC" />
		</Unit>
		<Unit filename="jpeglib/jdmarker.c">
			<Option compilerVar="CC" />
		</Unit>
		<Unit filename="jpeglib/jdmaster.c">
			<Option compilerVar="CC" />
		</Unit>
		<Unit filename="jpeglib/jdmerge.c">
			<Option compilerVar="CC" />
		</Unit>
		<Unit filename="jpeglib/jdpostct.c">
			<Option compilerVar="CC" />
		</Unit>
		<Unit filename="jpeglib/jdsample.c">
			<Option compilerVar="CC" />
		</Unit>
		<Unit filename="jpeglib/jdtrans.c">
			<Option compilerVar="CC" />
		</Unit>
		<Unit filename="jpeglib/jerror.c">
			<Option compilerVar="CC" />
		</Unit>
		<Unit filename="jpeglib/jerror.h" />
		<Unit filename="jpeglib/jfdctflt.c">
			<Option compilerVar="CC" />
		</Unit>
		<Unit filename="jpeglib/jfdctfst.c">
			<Option compilerVar="CC" />
		</Unit>
		<Unit filename="jpeglib/jfdctint.c">
			<Option compilerVar="CC" />
		</Unit>
		<Unit filename="jpeglib/jidctflt.c">
			<Option compilerVar="CC" />
		</Unit>
		<Unit filename="jpeglib/jidctfst.c">
			<Option compilerVar="CC" />
		</Unit>
		<Unit filename="jpeglib/jidctint.c">
			<Option compilerVar="CC" />
		</Unit>
		<Unit filename="jpeglib/jinclude.h" />
		<Unit filename="jpeglib/jmemmgr.c">
			<Option compilerVar="CC" />
		</Unit>
		<Unit filename="jpeglib/jmemnobs.c">
			<Option compilerVar="CC" />
		</Unit>
		<Unit filename="jpeglib/jmemsys.h" />
		<Unit filename="jpeglib/jmorecfg.h" />
		<Unit filename="jpeglib/jpegint.h" />
		<Unit filename="jpeglib/jpeglib.h" />
		<Unit filename="jpeglib/jquant1.c">
			<Option compilerVar="CC" />
		</Unit>
		<Unit filename="jpeglib/jquant2.c">
			<Option compilerVar="CC" />
		</Unit>
		<Unit filename="jpeglib/jutils.c">
			<Option compilerVar="CC" />
		</Unit>
		<Unit filename="jpeglib/jversion.h" />
		<Unit filename="libpng/png.c">
			<Option compilerVar="CC" />
		</Unit>
		<Unit filename="libpng/png.h" />
		<Unit filename="libpng/pngconf.h" />
		<Unit filename="libpng/pngerror.c">
			<Option compilerVar="CC" />
		</Unit>
		<Unit filename="libpng/pngget.c">
			<Option compilerVar="CC" />
		</Unit>
		<Unit filename="libpng/pngmem.c">
			<Option compilerVar="CC" />
		</Unit>
		<Unit filename="libpng/pngpread.c">
			<Option compilerVar="CC" />
		</Unit>
		<Unit filename="libpng/pngread.c">
			<Option compilerVar="CC" />
		</Unit>
		<Unit filename="libpng/pngrio.c">
			<Option compilerVar="CC" />
		</Unit>
		<Unit filename="libpng/pngrtran.c">
			<Option compilerVar="CC" />
		</Unit>
		<Unit filename="libpng/pngrutil.c">
			<Option compilerVar="CC" />
		</Unit>
		<Unit filename="libpng/pngset.c">
			<Option compilerVar="CC" />
		</Unit>
		<Unit filename="libpng/pngtrans.c">
			<Option compilerVar="CC" />
		</Unit>
		<Unit filename="libpng/pngwio.c">
			<Option compilerVar="CC" />
		</Unit>
		<Unit filename="libpng/pngwrite.c">
			<Option compilerVar="CC" />
		</Unit>
		<Unit filename="libpng/pngwtran.c">
			<Option compilerVar="CC" />
		</Unit>
		<Unit filename="libpng/pngwutil.c">
			<Option compilerVar="CC" />
		</Unit>
		<Unit filename="lz4/lz4.c">
			<Option compilerVar="CC" />
		</Unit>
		<Unit filename="lz4/lz4frame.c">
			<Option compilerVar="CC" />
		</Unit>
		<Unit filename="lz4/lz4hc.c">
			<Option compilerVar="CC" />
		</Unit>
		<Unit filename="lz4/xxhash.c">
			<Option compilerVar="CC" />
		</Unit>
		<Unit filename="lzma/Alloc.c">
			<Option compilerVar="CC" />
		</Unit>
		<Unit filename="lzma/LzFind.c">
			<Option compilerVar="CC" />
		</Unit>
		<Unit filename="lzma/LzmaDec.c">
			<Option compilerVar="CC" />
		</Unit>
		<Unit filename="lzma/LzmaDec.h" />
		<Unit filename="lzma/LzmaEnc.c">
			<Option compilerVar="CC" />
		</Unit>
		<Unit filename="lzma/Types.h" />
		<Unit filename="os.cpp" />
		<Unit filename="os.h" />
		<Unit filename="zlib/adler32.c">
			<Option compilerVar="CC" />
		</Unit>
		<Unit filename="zlib/crc32.c">
			<Option compilerVar="CC" />
		</Unit>
		<Unit filename="zlib/crc32.h" />
		<Unit filename="zlib/deflate.c">
			<Option compilerVar="CC" />
		</Unit>
		<Unit filename="zlib/deflate.h" />
		<Unit filename="zlib/infback.c">
			<Option compilerVar="CC" />
		</Unit>
		<Unit filename="zlib/inffast.c">
			<Option compilerVar="CC" />
		</Unit>
		<Unit filename="zlib/inffast.h" />
		<Unit filename="zlib/inffixed.h" />
		<Unit filename="zlib/inflate.c">
			<Option compilerVar="CC" />
		</Unit>
		<Unit filename="zlib/inftrees.c">
			<Option compilerVar="CC" />
		</Unit>
		<Unit filename="zlib/inftrees.h" />
		<Unit filename="zlib/trees.c">
			<Option compilerVar="CC" />
		</Unit>
		<Unit filename="zlib/trees.h" />
		<Unit filename="zlib/uncompr.c">
			<Option compilerVar="CC" />
		</Unit>
		<Unit filename="zlib/zcompress.c">
			<Option compilerVar="CC" />
		</Unit>
		<Unit filename="zlib/zconf.h" />
		<Unit filename="zlib/zlib.h" />
		<Unit filename="zlib/zutil.c">
			<Option compilerVar="CC" />
		</Unit>
		<Unit filename="zlib/zutil.h" />
		<Extensions>
			<code_completion />
			<debugger />
			<envvars />
			<DoxyBlocks>
				<comment_style block="0" line="0" />
				<doxyfile_project />
				<doxyfile_build />
				<doxyfile_warnings />
				<doxyfile_output />
				<doxyfile_dot />
				<general />
			</DoxyBlocks>
		</Extensions>
	</Project>
</CodeBlocks_project_file>
